# This file is autogenerated, do not edit; changes may be undone by the next 'dep ensure'.


[[projects]]
  digest = "1:282acb7fe0ca456de4ea5c3174c2691a2bd74008462e966b69094ad0b2c23e6e"
  name = "github.com/BurntSushi/toml"
  packages = ["."]
  pruneopts = "UT"
  revision = "b26d9c308763d68093482582cea63d69be07a0f0"
  version = "v0.3.0"

[[projects]]
  digest = "1:baab02a9f8f46ac64bed54bc4bfffc6654080cbb183614eb3278a6170d6060fd"
  name = "github.com/ant0ine/go-json-rest"
  packages = [
    "rest",
    "rest/trie",
  ]
  pruneopts = "UT"
  revision = "ce4b71cdf7ba29ef443d704bd923f5bbf281ee30"
  version = "v3.3.2"

[[projects]]
  digest = "1:320e7ead93de9fd2b0e59b50fd92a4d50c1f8ab455d96bc2eb083267453a9709"
  name = "github.com/asaskevich/govalidator"
  packages = ["."]
  pruneopts = "UT"
  revision = "ccb8e960c48f04d6935e72476ae4a51028f9e22f"
  version = "v9"

[[projects]]
  digest = "1:f25dfe4538112147d22e4c8437efbc2e216112bec37277534ffe146935064ea8"
  name = "github.com/beevik/etree"
  packages = ["."]
  pruneopts = "UT"
  revision = "9d7e8feddccb4ed1b8afb54e368bd323d2ff652c"
  version = "v1.0.1"

[[projects]]
  digest = "1:a2c1d0e43bd3baaa071d1b9ed72c27d78169b2b269f71c105ac4ba34b1be4a39"
  name = "github.com/davecgh/go-spew"
  packages = ["spew"]
  pruneopts = "UT"
  revision = "346938d642f2ec3594ed81d874461961cd0faa76"
  version = "v1.1.0"

[[projects]]
  digest = "1:bbc4aacabe6880bdbce849c64cb061b7eddf39f132af4ea2853ddd32f85fbec3"
  name = "github.com/fatih/camelcase"
  packages = ["."]
  pruneopts = "UT"
  revision = "44e46d280b43ec1531bb25252440e34f1b800b65"
  version = "v1.0.0"

[[projects]]
  digest = "1:ca82a3b99694824c627573c2a76d0e49719b4a9c02d1d85a2ac91f1c1f52ab9b"
  name = "github.com/fatih/structs"
  packages = ["."]
  pruneopts = "UT"
  revision = "a720dfa8df582c51dee1b36feabb906bde1588bd"
  version = "v1.0"

[[projects]]
  digest = "1:adea5a94903eb4384abef30f3d878dc9ff6b6b5b0722da25b82e5169216dfb61"
  name = "github.com/go-sql-driver/mysql"
  packages = ["."]
  pruneopts = "UT"
  revision = "d523deb1b23d913de5bdada721a6071e71283618"
  version = "v1.4.0"

[[projects]]
  digest = "1:a84072127623de7f2e0eb45371a4d64783dd45e05db9cc102999506e4296c78b"
  name = "github.com/gocraft/dbr"
  packages = [
    ".",
    "dialect",
  ]
  pruneopts = "UT"
  revision = "a0fd650918f6287ffe111d1c7b66bb755ff3be4a"
  version = "v2.2"

[[projects]]
  branch = "master"
  digest = "1:4cd45b97f006fcd976470886b5fe97f59494e0f7b8e626059500cb8ace0e4e73"
  name = "github.com/golang/example"
  packages = ["stringutil"]
  pruneopts = "UT"
  revision = "46695d81d1fae905a270fb7db8a4d11a334562fe"

[[projects]]
  branch = "master"
  digest = "1:26ee455faa224e7031355a0b51ce60c489f0fb4aa2cc96b42a622c320f0c0049"
  name = "github.com/koding/multiconfig"
  packages = ["."]
  pruneopts = "UT"
  revision = "69c27309b2d751c576b59ea9c3726597c2375da3"

[[projects]]
  digest = "1:645110e089152bd0f4a011a2648fbb0e4df5977be73ca605781157ac297f50c4"
  name = "github.com/mitchellh/mapstructure"
  packages = ["."]
  pruneopts = "UT"
  revision = "fa473d140ef3c6adf42d6b391fe76707f1f243c8"
  version = "v1.0.0"

[[projects]]
  digest = "1:0028cb19b2e4c3112225cd871870f2d9cf49b9b4276531f03438a88e94be86fe"
  name = "github.com/pmezard/go-difflib"
  packages = ["difflib"]
  pruneopts = "UT"
  revision = "792786c7400a136282c1664665ae0a8db921c6c2"
  version = "v1.0.0"

[[projects]]
  branch = "master"
  digest = "1:8e9c06a6265bacd03807c0e4776c91b0d36d7ea0f91c87f7f044a04c44f489b2"
  name = "github.com/sony/sonyflake"
  packages = ["."]
  pruneopts = "UT"
  revision = "fa881fb1052b152e977c41023052c2f2a1c475e9"

[[projects]]
  digest = "1:b749dfc1b2734006da71966102ca708c5575081590f4bbfa7bf6ba1979f04ee9"
  name = "github.com/speps/go-hashids"
  packages = ["."]
  pruneopts = "UT"
  revision = "ad304c6ede07ca1f915c30a5510c45860aa165a7"
  version = "v2.0.0"

[[projects]]
  digest = "1:18752d0b95816a1b777505a97f71c7467a8445b8ffb55631a7bf779f6ba4fa83"
  name = "github.com/stretchr/testify"
  packages = ["assert"]
  pruneopts = "UT"
  revision = "f35b8ab0b5a2cef36673838d662e249dd9c94686"
  version = "v1.2.2"

[[projects]]
  branch = "master"
  digest = "1:ee15023f3a869df3a9a871cd54da8651e211dc99ab6e19e87cca7ddac94a10e0"
  name = "golang.org/x/net"
  packages = [
    "html",
    "html/atom",
  ]
  pruneopts = "UT"
  revision = "f4c29de78a2a91c00474a2e689954305c350adf9"

[[projects]]
  digest = "1:c25289f43ac4a68d88b02245742347c94f1e108c534dda442188015ff80669b3"
  name = "google.golang.org/appengine"
  packages = ["cloudsql"]
  pruneopts = "UT"
  revision = "b1f26356af11148e710935ed1ac8a7f5702c7612"
  version = "v1.1.0"

[[projects]]
  digest = "1:342378ac4dcb378a5448dd723f0784ae519383532f5e70ade24132c4c8693202"
  name = "gopkg.in/yaml.v2"
  packages = ["."]
  pruneopts = "UT"
  revision = "5420a8b6744d3b0345ab293f6fcba19c978f1183"
  version = "v2.2.1"

[solve-meta]
  analyzer-name = "dep"
  analyzer-version = 1
  input-imports = [
    "github.com/ant0ine/go-json-rest/rest",
    "github.com/asaskevich/govalidator",
    "github.com/beevik/etree",
    "github.com/fatih/camelcase",
    "github.com/fatih/structs",
    "github.com/go-sql-driver/mysql",
    "github.com/gocraft/dbr",
    "github.com/gocraft/dbr/dialect",
    "github.com/golang/example/stringutil",
    "github.com/koding/multiconfig",
    "github.com/mitchellh/mapstructure",
    "github.com/sony/sonyflake",
    "github.com/speps/go-hashids",
    "github.com/stretchr/testify/assert",
    "golang.org/x/net/html",
  ]
  solver-name = "gps-cdcl"
  solver-version = 1
